
Microsoft Visual Studio Solution File, Format Version 12.00
# Visual Studio Version 16
VisualStudioVersion = 16.0.32002.261
MinimumVisualStudioVersion = 10.0.40219.1
Project("{FAE04EC0-301F-11D3-BF4B-00C04F79EFBC}") = "ServiceRest_135_IlhamRS", "ServiceRest_135_IlhamRS\ServiceRest_135_IlhamRS.csproj", "{105DB9B1-B27C-439E-B998-02EE7024C4AA}"
EndProject
Global
	GlobalSection(SolutionConfigurationPlatforms) = preSolution
		Debug|Any CPU = Debug|Any CPU
		Release|Any CPU = Release|Any CPU
	EndGlobalSection
	GlobalSection(ProjectConfigurationPlatforms) = postSolution
		{105DB9B1-B27C-439E-B998-02EE7024C4AA}.Debug|Any CPU.ActiveCfg = Debug|Any CPU
		{105DB9B1-B27C-439E-B998-02EE7024C4AA}.Debug|Any CPU.Build.0 = Debug|Any CPU
		{105DB9B1-B27C-439E-B998-02EE7024C4AA}.Release|Any CPU.ActiveCfg = Release|Any CPU
		{105DB9B1-B27C-439E-B998-02EE7024C4AA}.Release|Any CPU.Build.0 = Release|Any CPU
	EndGlobalSection
	GlobalSection(SolutionProperties) = preSolution
		HideSolutionNode = FALSE
	EndGlobalSection
	GlobalSection(ExtensibilityGlobals) = postSolution
		SolutionGuid = {DD157F31-3D3E-488E-97DB-0F7C59F73DB8}
	EndGlobalSection
EndGlobal
